
Microsoft Visual Studio Solution File, Format Version 12.00
# Visual Studio 14
VisualStudioVersion = 14.0.24720.0
MinimumVisualStudioVersion = 10.0.40219.1
Project("{FAE04EC0-301F-11D3-BF4B-00C04F79EFBC}") = "[EPAM]Forum", "[EPAM]Forum\[EPAM]Forum.csproj", "{15500269-3373-4568-8359-E66EE058A713}"
EndProject
Project("{FAE04EC0-301F-11D3-BF4B-00C04F79EFBC}") = "Logger", "Logger\Logger.csproj", "{B91CF018-BE5C-4F57-BB0D-F26EA6796112}"
EndProject
Project("{2150E333-8FDC-42A3-9474-1A3956D46DE8}") = "BLL", "BLL", "{2FAB6BA5-B1A0-4D6F-A0C0-8C1B69D25D12}"
EndProject
Project("{FAE04EC0-301F-11D3-BF4B-00C04F79EFBC}") = "[EPAM]Forum.BLL", "[EPAM]Forum.BLL\[EPAM]Forum.BLL.csproj", "{2BD6C16E-1D3F-40C0-871D-E1C39BF3CB0C}"
EndProject
Project("{2150E333-8FDC-42A3-9474-1A3956D46DE8}") = "DAL", "DAL", "{394FBF40-15ED-4460-85A5-156AB82FD891}"
EndProject
Project("{2150E333-8FDC-42A3-9474-1A3956D46DE8}") = "PL", "PL", "{54CE2D9E-3FD0-4131-8DCB-587D2D3364D5}"
EndProject
Project("{FAE04EC0-301F-11D3-BF4B-00C04F79EFBC}") = "[EPAM]Forum.DALDATABASE", "[EPAM]Forum.DALDATABASE\[EPAM]Forum.DALDATABASE.csproj", "{2B7522EA-1A5F-4B13-9DFC-AA311AA26D19}"
EndProject
Project("{2150E333-8FDC-42A3-9474-1A3956D46DE8}") = "Entites", "Entites", "{96D6F700-43E5-44E7-A085-C7DBA45D0D8A}"
EndProject
Project("{2150E333-8FDC-42A3-9474-1A3956D46DE8}") = "Interfaceses", "Interfaceses", "{123F3638-4D1E-4C9D-A103-324C83F13B65}"
EndProject
Project("{FAE04EC0-301F-11D3-BF4B-00C04F79EFBC}") = "[EPAM]Forum.Entites", "[EPAM]Forum.Entites\[EPAM]Forum.Entites.csproj", "{E6A9CC10-47D2-470D-AA4A-B7BAF7B89236}"
EndProject
Project("{FAE04EC0-301F-11D3-BF4B-00C04F79EFBC}") = "[EPAM]Forum.Intefases.BLL", "[EPAM]Forum.Intefases.BLL\[EPAM]Forum.Intefases.BLL.csproj", "{6C9F2762-7EAE-4C4C-9C99-EAD14B12E755}"
EndProject
Project("{FAE04EC0-301F-11D3-BF4B-00C04F79EFBC}") = "[EPAM]Forum.Interfases.DAL", "[EPAM]Forum.Interfases.DAL\[EPAM]Forum.Interfases.DAL.csproj", "{9ADA2369-6EF6-4003-91A6-0563F68E60DE}"
EndProject
Project("{FAE04EC0-301F-11D3-BF4B-00C04F79EFBC}") = "[EPAM]Forum.Web", "[EPAM]Forum.Web\[EPAM]Forum.Web.csproj", "{F0BE8D7C-BC3A-4738-80CB-E4EDE293207A}"
EndProject
Global
	GlobalSection(SolutionConfigurationPlatforms) = preSolution
		Debug|Any CPU = Debug|Any CPU
		Release|Any CPU = Release|Any CPU
	EndGlobalSection
	GlobalSection(ProjectConfigurationPlatforms) = postSolution
		{15500269-3373-4568-8359-E66EE058A713}.Debug|Any CPU.ActiveCfg = Debug|Any CPU
		{15500269-3373-4568-8359-E66EE058A713}.Debug|Any CPU.Build.0 = Debug|Any CPU
		{15500269-3373-4568-8359-E66EE058A713}.Release|Any CPU.ActiveCfg = Release|Any CPU
		{15500269-3373-4568-8359-E66EE058A713}.Release|Any CPU.Build.0 = Release|Any CPU
		{B91CF018-BE5C-4F57-BB0D-F26EA6796112}.Debug|Any CPU.ActiveCfg = Debug|Any CPU
		{B91CF018-BE5C-4F57-BB0D-F26EA6796112}.Debug|Any CPU.Build.0 = Debug|Any CPU
		{B91CF018-BE5C-4F57-BB0D-F26EA6796112}.Release|Any CPU.ActiveCfg = Release|Any CPU
		{B91CF018-BE5C-4F57-BB0D-F26EA6796112}.Release|Any CPU.Build.0 = Release|Any CPU
		{2BD6C16E-1D3F-40C0-871D-E1C39BF3CB0C}.Debug|Any CPU.ActiveCfg = Debug|Any CPU
		{2BD6C16E-1D3F-40C0-871D-E1C39BF3CB0C}.Debug|Any CPU.Build.0 = Debug|Any CPU
		{2BD6C16E-1D3F-40C0-871D-E1C39BF3CB0C}.Release|Any CPU.ActiveCfg = Release|Any CPU
		{2BD6C16E-1D3F-40C0-871D-E1C39BF3CB0C}.Release|Any CPU.Build.0 = Release|Any CPU
		{2B7522EA-1A5F-4B13-9DFC-AA311AA26D19}.Debug|Any CPU.ActiveCfg = Debug|Any CPU
		{2B7522EA-1A5F-4B13-9DFC-AA311AA26D19}.Debug|Any CPU.Build.0 = Debug|Any CPU
		{2B7522EA-1A5F-4B13-9DFC-AA311AA26D19}.Release|Any CPU.ActiveCfg = Release|Any CPU
		{2B7522EA-1A5F-4B13-9DFC-AA311AA26D19}.Release|Any CPU.Build.0 = Release|Any CPU
		{E6A9CC10-47D2-470D-AA4A-B7BAF7B89236}.Debug|Any CPU.ActiveCfg = Debug|Any CPU
		{E6A9CC10-47D2-470D-AA4A-B7BAF7B89236}.Debug|Any CPU.Build.0 = Debug|Any CPU
		{E6A9CC10-47D2-470D-AA4A-B7BAF7B89236}.Release|Any CPU.ActiveCfg = Release|Any CPU
		{E6A9CC10-47D2-470D-AA4A-B7BAF7B89236}.Release|Any CPU.Build.0 = Release|Any CPU
		{6C9F2762-7EAE-4C4C-9C99-EAD14B12E755}.Debug|Any CPU.ActiveCfg = Debug|Any CPU
		{6C9F2762-7EAE-4C4C-9C99-EAD14B12E755}.Debug|Any CPU.Build.0 = Debug|Any CPU
		{6C9F2762-7EAE-4C4C-9C99-EAD14B12E755}.Release|Any CPU.ActiveCfg = Release|Any CPU
		{6C9F2762-7EAE-4C4C-9C99-EAD14B12E755}.Release|Any CPU.Build.0 = Release|Any CPU
		{9ADA2369-6EF6-4003-91A6-0563F68E60DE}.Debug|Any CPU.ActiveCfg = Debug|Any CPU
		{9ADA2369-6EF6-4003-91A6-0563F68E60DE}.Debug|Any CPU.Build.0 = Debug|Any CPU
		{9ADA2369-6EF6-4003-91A6-0563F68E60DE}.Release|Any CPU.ActiveCfg = Release|Any CPU
		{9ADA2369-6EF6-4003-91A6-0563F68E60DE}.Release|Any CPU.Build.0 = Release|Any CPU
		{F0BE8D7C-BC3A-4738-80CB-E4EDE293207A}.Debug|Any CPU.ActiveCfg = Debug|Any CPU
		{F0BE8D7C-BC3A-4738-80CB-E4EDE293207A}.Debug|Any CPU.Build.0 = Debug|Any CPU
		{F0BE8D7C-BC3A-4738-80CB-E4EDE293207A}.Release|Any CPU.ActiveCfg = Release|Any CPU
		{F0BE8D7C-BC3A-4738-80CB-E4EDE293207A}.Release|Any CPU.Build.0 = Release|Any CPU
	EndGlobalSection
	GlobalSection(SolutionProperties) = preSolution
		HideSolutionNode = FALSE
	EndGlobalSection
	GlobalSection(NestedProjects) = preSolution
		{15500269-3373-4568-8359-E66EE058A713} = {54CE2D9E-3FD0-4131-8DCB-587D2D3364D5}
		{2BD6C16E-1D3F-40C0-871D-E1C39BF3CB0C} = {2FAB6BA5-B1A0-4D6F-A0C0-8C1B69D25D12}
		{2B7522EA-1A5F-4B13-9DFC-AA311AA26D19} = {394FBF40-15ED-4460-85A5-156AB82FD891}
		{E6A9CC10-47D2-470D-AA4A-B7BAF7B89236} = {96D6F700-43E5-44E7-A085-C7DBA45D0D8A}
		{6C9F2762-7EAE-4C4C-9C99-EAD14B12E755} = {123F3638-4D1E-4C9D-A103-324C83F13B65}
		{9ADA2369-6EF6-4003-91A6-0563F68E60DE} = {123F3638-4D1E-4C9D-A103-324C83F13B65}
	EndGlobalSection
EndGlobal
